
Microsoft Visual Studio Solution File, Format Version 12.00
# Visual Studio 15
VisualStudioVersion = 15.0.28307.489
MinimumVisualStudioVersion = 10.0.40219.1
Project("{FAE04EC0-301F-11D3-BF4B-00C04F79EFBC}") = "CodeChallenge", "CodeChallenge\CodeChallenge.csproj", "{0D939D22-A398-45C9-AEFD-0263A2BAB66B}"
EndProject
Global
	GlobalSection(SolutionConfigurationPlatforms) = preSolution
		Debug|Any CPU = Debug|Any CPU
		Release|Any CPU = Release|Any CPU
	EndGlobalSection
	GlobalSection(ProjectConfigurationPlatforms) = postSolution
		{0D939D22-A398-45C9-AEFD-0263A2BAB66B}.Debug|Any CPU.ActiveCfg = Debug|Any CPU
		{0D939D22-A398-45C9-AEFD-0263A2BAB66B}.Debug|Any CPU.Build.0 = Debug|Any CPU
		{0D939D22-A398-45C9-AEFD-0263A2BAB66B}.Release|Any CPU.ActiveCfg = Release|Any CPU
		{0D939D22-A398-45C9-AEFD-0263A2BAB66B}.Release|Any CPU.Build.0 = Release|Any CPU
	EndGlobalSection
	GlobalSection(SolutionProperties) = preSolution
		HideSolutionNode = FALSE
	EndGlobalSection
	GlobalSection(ExtensibilityGlobals) = postSolution
		SolutionGuid = {A0D76105-D0D2-4C70-A883-DE3B29093C27}
	EndGlobalSection
EndGlobal
